
Microsoft Visual Studio Solution File, Format Version 12.00
# Visual Studio Version 17
VisualStudioVersion = 17.0.31903.59
MinimumVisualStudioVersion = 10.0.40219.1
Project("{FAE04EC0-301F-11D3-BF4B-00C04F79EFBC}") = "HealthVoice.Domain", "HealthVoice.Domain\HealthVoice.Domain.csproj", "{2959F2A8-763E-4775-BF17-73B43D763BA6}"
EndProject
Project("{FAE04EC0-301F-11D3-BF4B-00C04F79EFBC}") = "HealthVoice.Infrastructure", "HealthVoice.Infrastructure\HealthVoice.Infrastructure.csproj", "{435EEEEE-074D-4947-AB60-47E3DD777876}"
EndProject
Project("{FAE04EC0-301F-11D3-BF4B-00C04F79EFBC}") = "HealthVoice.Business", "HealthVoice.Business\HealthVoice.Business.csproj", "{63D19348-E01B-4BA1-AB69-66395DAAB5A2}"
EndProject
Project("{FAE04EC0-301F-11D3-BF4B-00C04F79EFBC}") = "HealthVoice.Blazor", "HealthVoice.Blazor\HealthVoice.Blazor.csproj", "{40049D32-EFF3-4B83-8656-DFD3E5B0E8B1}"
EndProject
Project("{FAE04EC0-301F-11D3-BF4B-00C04F79EFBC}") = "HealthVoice.Api", "HealthVoice.Api\HealthVoice.Api.csproj", "{969488A1-13B9-4EDD-B957-EFB07336DB67}"
EndProject
Project("{2150E333-8FDC-42A3-9474-1A3956D46DE8}") = "tests", "tests", "{3C8A8E9F-DAB5-4AAC-9E61-188782A16132}"
EndProject
Project("{FAE04EC0-301F-11D3-BF4B-00C04F79EFBC}") = "HealthVoice.Domain.Tests", "tests\HealthVoice.Domain.Tests\HealthVoice.Domain.Tests.csproj", "{7A9CEFEA-2EF8-4385-99CC-009C5F645D0C}"
EndProject
Project("{FAE04EC0-301F-11D3-BF4B-00C04F79EFBC}") = "HealthVoice.Business.Tests", "tests\HealthVoice.Business.Tests\HealthVoice.Business.Tests.csproj", "{36170E90-39A6-46D3-A5A2-A183A2A63942}"
EndProject
Project("{FAE04EC0-301F-11D3-BF4B-00C04F79EFBC}") = "HealthVoice.Infrastructure.Tests", "tests\HealthVoice.Infrastructure.Tests\HealthVoice.Infrastructure.Tests.csproj", "{F743EA54-EDA7-46C7-83EC-F77C4BE877B2}"
EndProject
Project("{FAE04EC0-301F-11D3-BF4B-00C04F79EFBC}") = "HealthVoice.Api.Tests", "tests\HealthVoice.Api.Tests\HealthVoice.Api.Tests.csproj", "{8456669C-395B-4F54-BC7C-381D28362B10}"
EndProject
Global
	GlobalSection(SolutionConfigurationPlatforms) = preSolution
		Debug|Any CPU = Debug|Any CPU
		Release|Any CPU = Release|Any CPU
	EndGlobalSection
	GlobalSection(SolutionProperties) = preSolution
		HideSolutionNode = FALSE
	EndGlobalSection
	GlobalSection(ProjectConfigurationPlatforms) = postSolution
		{2959F2A8-763E-4775-BF17-73B43D763BA6}.Debug|Any CPU.ActiveCfg = Debug|Any CPU
		{2959F2A8-763E-4775-BF17-73B43D763BA6}.Debug|Any CPU.Build.0 = Debug|Any CPU
		{2959F2A8-763E-4775-BF17-73B43D763BA6}.Release|Any CPU.ActiveCfg = Release|Any CPU
		{2959F2A8-763E-4775-BF17-73B43D763BA6}.Release|Any CPU.Build.0 = Release|Any CPU
		{435EEEEE-074D-4947-AB60-47E3DD777876}.Debug|Any CPU.ActiveCfg = Debug|Any CPU
		{435EEEEE-074D-4947-AB60-47E3DD777876}.Debug|Any CPU.Build.0 = Debug|Any CPU
		{435EEEEE-074D-4947-AB60-47E3DD777876}.Release|Any CPU.ActiveCfg = Release|Any CPU
		{435EEEEE-074D-4947-AB60-47E3DD777876}.Release|Any CPU.Build.0 = Release|Any CPU
		{63D19348-E01B-4BA1-AB69-66395DAAB5A2}.Debug|Any CPU.ActiveCfg = Debug|Any CPU
		{63D19348-E01B-4BA1-AB69-66395DAAB5A2}.Debug|Any CPU.Build.0 = Debug|Any CPU
		{63D19348-E01B-4BA1-AB69-66395DAAB5A2}.Release|Any CPU.ActiveCfg = Release|Any CPU
		{63D19348-E01B-4BA1-AB69-66395DAAB5A2}.Release|Any CPU.Build.0 = Release|Any CPU
		{40049D32-EFF3-4B83-8656-DFD3E5B0E8B1}.Debug|Any CPU.ActiveCfg = Debug|Any CPU
		{40049D32-EFF3-4B83-8656-DFD3E5B0E8B1}.Debug|Any CPU.Build.0 = Debug|Any CPU
		{40049D32-EFF3-4B83-8656-DFD3E5B0E8B1}.Release|Any CPU.ActiveCfg = Release|Any CPU
		{40049D32-EFF3-4B83-8656-DFD3E5B0E8B1}.Release|Any CPU.Build.0 = Release|Any CPU
		{969488A1-13B9-4EDD-B957-EFB07336DB67}.Debug|Any CPU.ActiveCfg = Debug|Any CPU
		{969488A1-13B9-4EDD-B957-EFB07336DB67}.Debug|Any CPU.Build.0 = Debug|Any CPU
		{969488A1-13B9-4EDD-B957-EFB07336DB67}.Release|Any CPU.ActiveCfg = Release|Any CPU
		{969488A1-13B9-4EDD-B957-EFB07336DB67}.Release|Any CPU.Build.0 = Release|Any CPU
		{7A9CEFEA-2EF8-4385-99CC-009C5F645D0C}.Debug|Any CPU.ActiveCfg = Debug|Any CPU
		{7A9CEFEA-2EF8-4385-99CC-009C5F645D0C}.Debug|Any CPU.Build.0 = Debug|Any CPU
		{7A9CEFEA-2EF8-4385-99CC-009C5F645D0C}.Release|Any CPU.ActiveCfg = Release|Any CPU
		{7A9CEFEA-2EF8-4385-99CC-009C5F645D0C}.Release|Any CPU.Build.0 = Release|Any CPU
		{36170E90-39A6-46D3-A5A2-A183A2A63942}.Debug|Any CPU.ActiveCfg = Debug|Any CPU
		{36170E90-39A6-46D3-A5A2-A183A2A63942}.Debug|Any CPU.Build.0 = Debug|Any CPU
		{36170E90-39A6-46D3-A5A2-A183A2A63942}.Release|Any CPU.ActiveCfg = Release|Any CPU
		{36170E90-39A6-46D3-A5A2-A183A2A63942}.Release|Any CPU.Build.0 = Release|Any CPU
		{F743EA54-EDA7-46C7-83EC-F77C4BE877B2}.Debug|Any CPU.ActiveCfg = Debug|Any CPU
		{F743EA54-EDA7-46C7-83EC-F77C4BE877B2}.Debug|Any CPU.Build.0 = Debug|Any CPU
		{F743EA54-EDA7-46C7-83EC-F77C4BE877B2}.Release|Any CPU.ActiveCfg = Release|Any CPU
		{F743EA54-EDA7-46C7-83EC-F77C4BE877B2}.Release|Any CPU.Build.0 = Release|Any CPU
		{8456669C-395B-4F54-BC7C-381D28362B10}.Debug|Any CPU.ActiveCfg = Debug|Any CPU
		{8456669C-395B-4F54-BC7C-381D28362B10}.Debug|Any CPU.Build.0 = Debug|Any CPU
		{8456669C-395B-4F54-BC7C-381D28362B10}.Release|Any CPU.ActiveCfg = Release|Any CPU
		{8456669C-395B-4F54-BC7C-381D28362B10}.Release|Any CPU.Build.0 = Release|Any CPU
	EndGlobalSection
	GlobalSection(NestedProjects) = preSolution
		{7A9CEFEA-2EF8-4385-99CC-009C5F645D0C} = {3C8A8E9F-DAB5-4AAC-9E61-188782A16132}
		{36170E90-39A6-46D3-A5A2-A183A2A63942} = {3C8A8E9F-DAB5-4AAC-9E61-188782A16132}
		{F743EA54-EDA7-46C7-83EC-F77C4BE877B2} = {3C8A8E9F-DAB5-4AAC-9E61-188782A16132}
		{8456669C-395B-4F54-BC7C-381D28362B10} = {3C8A8E9F-DAB5-4AAC-9E61-188782A16132}
	EndGlobalSection
EndGlobal
